
Microsoft Visual Studio Solution File, Format Version 12.00
# Visual Studio Version 16
VisualStudioVersion = 16.0.31019.35
MinimumVisualStudioVersion = 10.0.40219.1
Project("{FAE04EC0-301F-11D3-BF4B-00C04F79EFBC}") = "SWE2TourPlanner", "SWE2TourPlanner\SWE2TourPlanner.csproj", "{01F5A80A-4A2A-45F5-BD02-EC665F7ACDDD}"
EndProject
Global
	GlobalSection(SolutionConfigurationPlatforms) = preSolution
		Debug|Any CPU = Debug|Any CPU
		Release|Any CPU = Release|Any CPU
	EndGlobalSection
	GlobalSection(ProjectConfigurationPlatforms) = postSolution
		{01F5A80A-4A2A-45F5-BD02-EC665F7ACDDD}.Debug|Any CPU.ActiveCfg = Debug|Any CPU
		{01F5A80A-4A2A-45F5-BD02-EC665F7ACDDD}.Debug|Any CPU.Build.0 = Debug|Any CPU
		{01F5A80A-4A2A-45F5-BD02-EC665F7ACDDD}.Release|Any CPU.ActiveCfg = Release|Any CPU
		{01F5A80A-4A2A-45F5-BD02-EC665F7ACDDD}.Release|Any CPU.Build.0 = Release|Any CPU
	EndGlobalSection
	GlobalSection(SolutionProperties) = preSolution
		HideSolutionNode = FALSE
	EndGlobalSection
	GlobalSection(ExtensibilityGlobals) = postSolution
		SolutionGuid = {C63ED10C-3093-4B07-BB92-44F5D98D1468}
	EndGlobalSection
EndGlobal
