
Microsoft Visual Studio Solution File, Format Version 12.00
# Visual Studio Version 16
VisualStudioVersion = 16.0.31019.35
MinimumVisualStudioVersion = 10.0.40219.1
Project("{9A19103F-16F7-4668-BE54-9A1E7A4F7556}") = "SWE2TourPlanner", "SWE2TourPlanner\SWE2TourPlanner.csproj", "{01F5A80A-4A2A-45F5-BD02-EC665F7ACDDD}"
EndProject
Project("{FAE04EC0-301F-11D3-BF4B-00C04F79EFBC}") = "SWE2TourPlanner.Models", "SWE2TourPlanner.Models\SWE2TourPlanner.Models.csproj", "{634CCD89-A004-4914-A324-7EC5EA0B6AF8}"
EndProject
Project("{FAE04EC0-301F-11D3-BF4B-00C04F79EFBC}") = "SWE2TourPlanner.BusinessLayer", "SWE2TourPlanner.BusinessLayer\SWE2TourPlanner.BusinessLayer.csproj", "{D1ACAF99-C10E-4E25-8F93-6D78D76AA9FA}"
EndProject
Project("{FAE04EC0-301F-11D3-BF4B-00C04F79EFBC}") = "SWE2TourPlanner.DataAccessLayer", "SWE2TourPlanner.DataAccessLayer\SWE2TourPlanner.DataAccessLayer.csproj", "{62148508-375D-4809-8FE7-B728C7AA0E1E}"
EndProject
Global
	GlobalSection(SolutionConfigurationPlatforms) = preSolution
		Debug|Any CPU = Debug|Any CPU
		Release|Any CPU = Release|Any CPU
	EndGlobalSection
	GlobalSection(ProjectConfigurationPlatforms) = postSolution
		{01F5A80A-4A2A-45F5-BD02-EC665F7ACDDD}.Debug|Any CPU.ActiveCfg = Debug|Any CPU
		{01F5A80A-4A2A-45F5-BD02-EC665F7ACDDD}.Debug|Any CPU.Build.0 = Debug|Any CPU
		{01F5A80A-4A2A-45F5-BD02-EC665F7ACDDD}.Release|Any CPU.ActiveCfg = Release|Any CPU
		{01F5A80A-4A2A-45F5-BD02-EC665F7ACDDD}.Release|Any CPU.Build.0 = Release|Any CPU
		{634CCD89-A004-4914-A324-7EC5EA0B6AF8}.Debug|Any CPU.ActiveCfg = Debug|Any CPU
		{634CCD89-A004-4914-A324-7EC5EA0B6AF8}.Debug|Any CPU.Build.0 = Debug|Any CPU
		{634CCD89-A004-4914-A324-7EC5EA0B6AF8}.Release|Any CPU.ActiveCfg = Release|Any CPU
		{634CCD89-A004-4914-A324-7EC5EA0B6AF8}.Release|Any CPU.Build.0 = Release|Any CPU
		{D1ACAF99-C10E-4E25-8F93-6D78D76AA9FA}.Debug|Any CPU.ActiveCfg = Debug|Any CPU
		{D1ACAF99-C10E-4E25-8F93-6D78D76AA9FA}.Debug|Any CPU.Build.0 = Debug|Any CPU
		{D1ACAF99-C10E-4E25-8F93-6D78D76AA9FA}.Release|Any CPU.ActiveCfg = Release|Any CPU
		{D1ACAF99-C10E-4E25-8F93-6D78D76AA9FA}.Release|Any CPU.Build.0 = Release|Any CPU
		{62148508-375D-4809-8FE7-B728C7AA0E1E}.Debug|Any CPU.ActiveCfg = Debug|Any CPU
		{62148508-375D-4809-8FE7-B728C7AA0E1E}.Debug|Any CPU.Build.0 = Debug|Any CPU
		{62148508-375D-4809-8FE7-B728C7AA0E1E}.Release|Any CPU.ActiveCfg = Release|Any CPU
		{62148508-375D-4809-8FE7-B728C7AA0E1E}.Release|Any CPU.Build.0 = Release|Any CPU
	EndGlobalSection
	GlobalSection(SolutionProperties) = preSolution
		HideSolutionNode = FALSE
	EndGlobalSection
	GlobalSection(ExtensibilityGlobals) = postSolution
		SolutionGuid = {C63ED10C-3093-4B07-BB92-44F5D98D1468}
	EndGlobalSection
EndGlobal
